
Microsoft Visual Studio Solution File, Format Version 12.00
# Visual Studio Version 17
VisualStudioVersion = 17.10.35013.160
MinimumVisualStudioVersion = 10.0.40219.1
Project("{FAE04EC0-301F-11D3-BF4B-00C04F79EFBC}") = "task3", "task3\task3.csproj", "{BEB19A5A-294D-4251-BADC-876355B73EDD}"
EndProject
Global
	GlobalSection(SolutionConfigurationPlatforms) = preSolution
		Debug|Any CPU = Debug|Any CPU
		Release|Any CPU = Release|Any CPU
	EndGlobalSection
	GlobalSection(ProjectConfigurationPlatforms) = postSolution
		{BEB19A5A-294D-4251-BADC-876355B73EDD}.Debug|Any CPU.ActiveCfg = Debug|Any CPU
		{BEB19A5A-294D-4251-BADC-876355B73EDD}.Debug|Any CPU.Build.0 = Debug|Any CPU
		{BEB19A5A-294D-4251-BADC-876355B73EDD}.Release|Any CPU.ActiveCfg = Release|Any CPU
		{BEB19A5A-294D-4251-BADC-876355B73EDD}.Release|Any CPU.Build.0 = Release|Any CPU
	EndGlobalSection
	GlobalSection(SolutionProperties) = preSolution
		HideSolutionNode = FALSE
	EndGlobalSection
	GlobalSection(ExtensibilityGlobals) = postSolution
		SolutionGuid = {343A4DA3-5018-4ED8-B2DB-634DB20562DE}
	EndGlobalSection
EndGlobal
